
Microsoft Visual Studio Solution File, Format Version 12.00
# Visual Studio Version 16
VisualStudioVersion = 16.0.28803.202
MinimumVisualStudioVersion = 10.0.40219.1
Project("{FAE04EC0-301F-11D3-BF4B-00C04F79EFBC}") = "ZoltanHerczegRDITestPART4_1", "ZoltanHerczegRDITest\ZoltanHerczegRDITestPART4_1.csproj", "{CF49D168-4F01-4874-ABE9-D974CE956024}"
EndProject
Project("{FAE04EC0-301F-11D3-BF4B-00C04F79EFBC}") = "ZoltanHerczegRDITestPART4_2", "ZoltanHerczegRDITestPART4_2\ZoltanHerczegRDITestPART4_2.csproj", "{96DDEA97-F9AE-4DB0-BF30-78687BA2E830}"
EndProject
Project("{FAE04EC0-301F-11D3-BF4B-00C04F79EFBC}") = "ZoltanHerczegRDITestPART4_3", "ZoltanHerczegRDITestPART4_3\ZoltanHerczegRDITestPART4_3.csproj", "{77832B5D-C1BC-40E2-BFBF-256080E7776F}"
EndProject
Global
	GlobalSection(SolutionConfigurationPlatforms) = preSolution
		Debug|Any CPU = Debug|Any CPU
		Release|Any CPU = Release|Any CPU
	EndGlobalSection
	GlobalSection(ProjectConfigurationPlatforms) = postSolution
		{CF49D168-4F01-4874-ABE9-D974CE956024}.Debug|Any CPU.ActiveCfg = Debug|Any CPU
		{CF49D168-4F01-4874-ABE9-D974CE956024}.Debug|Any CPU.Build.0 = Debug|Any CPU
		{CF49D168-4F01-4874-ABE9-D974CE956024}.Release|Any CPU.ActiveCfg = Release|Any CPU
		{CF49D168-4F01-4874-ABE9-D974CE956024}.Release|Any CPU.Build.0 = Release|Any CPU
		{96DDEA97-F9AE-4DB0-BF30-78687BA2E830}.Debug|Any CPU.ActiveCfg = Debug|Any CPU
		{96DDEA97-F9AE-4DB0-BF30-78687BA2E830}.Debug|Any CPU.Build.0 = Debug|Any CPU
		{96DDEA97-F9AE-4DB0-BF30-78687BA2E830}.Release|Any CPU.ActiveCfg = Release|Any CPU
		{96DDEA97-F9AE-4DB0-BF30-78687BA2E830}.Release|Any CPU.Build.0 = Release|Any CPU
		{77832B5D-C1BC-40E2-BFBF-256080E7776F}.Debug|Any CPU.ActiveCfg = Debug|Any CPU
		{77832B5D-C1BC-40E2-BFBF-256080E7776F}.Debug|Any CPU.Build.0 = Debug|Any CPU
		{77832B5D-C1BC-40E2-BFBF-256080E7776F}.Release|Any CPU.ActiveCfg = Release|Any CPU
		{77832B5D-C1BC-40E2-BFBF-256080E7776F}.Release|Any CPU.Build.0 = Release|Any CPU
	EndGlobalSection
	GlobalSection(SolutionProperties) = preSolution
		HideSolutionNode = FALSE
	EndGlobalSection
	GlobalSection(ExtensibilityGlobals) = postSolution
		SolutionGuid = {354A95E2-A744-442D-85FC-6694E84E7711}
	EndGlobalSection
EndGlobal
